
Microsoft Visual Studio Solution File, Format Version 12.00
# Visual Studio 15
VisualStudioVersion = 15.0.27428.2043
MinimumVisualStudioVersion = 10.0.40219.1
Project("{FAE04EC0-301F-11D3-BF4B-00C04F79EFBC}") = "snake", "snake\snake.csproj", "{F256F77F-3436-4F57-B67B-5D46C5B5F832}"
EndProject
Global
	GlobalSection(SolutionConfigurationPlatforms) = preSolution
		Debug|Any CPU = Debug|Any CPU
		Release|Any CPU = Release|Any CPU
	EndGlobalSection
	GlobalSection(ProjectConfigurationPlatforms) = postSolution
		{F256F77F-3436-4F57-B67B-5D46C5B5F832}.Debug|Any CPU.ActiveCfg = Debug|Any CPU
		{F256F77F-3436-4F57-B67B-5D46C5B5F832}.Debug|Any CPU.Build.0 = Debug|Any CPU
		{F256F77F-3436-4F57-B67B-5D46C5B5F832}.Release|Any CPU.ActiveCfg = Release|Any CPU
		{F256F77F-3436-4F57-B67B-5D46C5B5F832}.Release|Any CPU.Build.0 = Release|Any CPU
	EndGlobalSection
	GlobalSection(SolutionProperties) = preSolution
		HideSolutionNode = FALSE
	EndGlobalSection
	GlobalSection(ExtensibilityGlobals) = postSolution
		SolutionGuid = {8044EE11-3FCB-493F-9EE6-F405DC049C1D}
	EndGlobalSection
EndGlobal
